// !$*UTF8*$!
{
	archiveVersion = 1;
	classes = {
	};
	objectVersion = 56;
	objects = {

/* Begin PBXBuildFile section */
		B616FB752B03F2CB00B31F97 /* Assets.xcassets in Resources */ = {isa = PBXBuildFile; fileRef = B616FB742B03F2CB00B31F97 /* Assets.xcassets */; };
		B616FB772B05325D00B31F97 /* CardView.swift in Sources */ = {isa = PBXBuildFile; fileRef = B616FB762B05325D00B31F97 /* CardView.swift */; };
		B616FB7E2B06C4C500B31F97 /* 01. CategoryUploadView.swift in Sources */ = {isa = PBXBuildFile; fileRef = B616FB7D2B06C4C500B31F97 /* 01. CategoryUploadView.swift */; };
		B616FB802B06C4E400B31F97 /* 02. NameUploadView.swift in Sources */ = {isa = PBXBuildFile; fileRef = B616FB7F2B06C4E400B31F97 /* 02. NameUploadView.swift */; };
		B616FB822B06C4F000B31F97 /* 03. PictureUploadView.swift in Sources */ = {isa = PBXBuildFile; fileRef = B616FB812B06C4F000B31F97 /* 03. PictureUploadView.swift */; };
		B616FB842B06C4F800B31F97 /* 04. ConfirmationUploadView.swift in Sources */ = {isa = PBXBuildFile; fileRef = B616FB832B06C4F800B31F97 /* 04. ConfirmationUploadView.swift */; };
		B616FB862B06C58F00B31F97 /* MakeButtonLink.swift in Sources */ = {isa = PBXBuildFile; fileRef = B616FB852B06C58F00B31F97 /* MakeButtonLink.swift */; };
		B616FB892B06C5FA00B31F97 /* RequestConfirmationView.swift in Sources */ = {isa = PBXBuildFile; fileRef = B616FB882B06C5FA00B31F97 /* RequestConfirmationView.swift */; };
		B616FB8B2B06C61E00B31F97 /* MakeRequestInstruction.swift in Sources */ = {isa = PBXBuildFile; fileRef = B616FB8A2B06C61E00B31F97 /* MakeRequestInstruction.swift */; };
		B616FB8D2B06C63900B31F97 /* MakeCapsuleTag.swift in Sources */ = {isa = PBXBuildFile; fileRef = B616FB8C2B06C63900B31F97 /* MakeCapsuleTag.swift */; };
		B62D25AE2B07E3F7005E8165 /* ItemStateModel.swift in Sources */ = {isa = PBXBuildFile; fileRef = B62D25AD2B07E3F7005E8165 /* ItemStateModel.swift */; };
		B62D25B02B07FB39005E8165 /* TestUser.swift in Sources */ = {isa = PBXBuildFile; fileRef = B62D25AF2B07FB39005E8165 /* TestUser.swift */; };
		B66223492AF82EDD008AA337 /* Empretzel_ADAApp.swift in Sources */ = {isa = PBXBuildFile; fileRef = B66223482AF82EDD008AA337 /* Empretzel_ADAApp.swift */; };
		B66223502AF82EE0008AA337 /* Preview Assets.xcassets in Resources */ = {isa = PBXBuildFile; fileRef = B662234F2AF82EE0008AA337 /* Preview Assets.xcassets */; };
		B66223572AF82EF4008AA337 /* UserModel.swift in Sources */ = {isa = PBXBuildFile; fileRef = B66223562AF82EF4008AA337 /* UserModel.swift */; };
		B66223592AF82F00008AA337 /* ItemModel.swift in Sources */ = {isa = PBXBuildFile; fileRef = B66223582AF82EFF008AA337 /* ItemModel.swift */; };
		B662235B2AF82F12008AA337 /* HomeView.swift in Sources */ = {isa = PBXBuildFile; fileRef = B662235A2AF82F12008AA337 /* HomeView.swift */; };
		B68DCEB02AFD890000660B0F /* ItemView.swift in Sources */ = {isa = PBXBuildFile; fileRef = B68DCEAF2AFD890000660B0F /* ItemView.swift */; };
		B6A131792AF9542000F5B66E /* CategoryModel.swift in Sources */ = {isa = PBXBuildFile; fileRef = B6A131782AF9542000F5B66E /* CategoryModel.swift */; };
		B6CE84B12B0284CC0061DB3F /* FeedView.swift in Sources */ = {isa = PBXBuildFile; fileRef = B6CE84B02B0284CC0061DB3F /* FeedView.swift */; };
		B6CE84B32B02B6AF0061DB3F /* CategoryFilterView.swift in Sources */ = {isa = PBXBuildFile; fileRef = B6CE84B22B02B6AF0061DB3F /* CategoryFilterView.swift */; };
		B6CE84B72B02B8FC0061DB3F /* MainView.swift in Sources */ = {isa = PBXBuildFile; fileRef = B6CE84B62B02B8FC0061DB3F /* MainView.swift */; };
		B6CE84B92B02B9C00061DB3F /* MyItemsView.swift in Sources */ = {isa = PBXBuildFile; fileRef = B6CE84B82B02B9C00061DB3F /* MyItemsView.swift */; };
		B6CE84BB2B02B9D30061DB3F /* ProfileView.swift in Sources */ = {isa = PBXBuildFile; fileRef = B6CE84BA2B02B9D30061DB3F /* ProfileView.swift */; };
/* End PBXBuildFile section */

/* Begin PBXFileReference section */
		B616FB742B03F2CB00B31F97 /* Assets.xcassets */ = {isa = PBXFileReference; lastKnownFileType = folder.assetcatalog; path = Assets.xcassets; sourceTree = "<group>"; };
		B616FB762B05325D00B31F97 /* CardView.swift */ = {isa = PBXFileReference; fileEncoding = 4; lastKnownFileType = sourcecode.swift; path = CardView.swift; sourceTree = "<group>"; };
		B616FB7D2B06C4C500B31F97 /* 01. CategoryUploadView.swift */ = {isa = PBXFileReference; lastKnownFileType = sourcecode.swift; path = "01. CategoryUploadView.swift"; sourceTree = "<group>"; };
		B616FB7F2B06C4E400B31F97 /* 02. NameUploadView.swift */ = {isa = PBXFileReference; lastKnownFileType = sourcecode.swift; path = "02. NameUploadView.swift"; sourceTree = "<group>"; };
		B616FB812B06C4F000B31F97 /* 03. PictureUploadView.swift */ = {isa = PBXFileReference; lastKnownFileType = sourcecode.swift; path = "03. PictureUploadView.swift"; sourceTree = "<group>"; };
		B616FB832B06C4F800B31F97 /* 04. ConfirmationUploadView.swift */ = {isa = PBXFileReference; lastKnownFileType = sourcecode.swift; path = "04. ConfirmationUploadView.swift"; sourceTree = "<group>"; };
		B616FB852B06C58F00B31F97 /* MakeButtonLink.swift */ = {isa = PBXFileReference; lastKnownFileType = sourcecode.swift; path = MakeButtonLink.swift; sourceTree = "<group>"; };
		B616FB882B06C5FA00B31F97 /* RequestConfirmationView.swift */ = {isa = PBXFileReference; lastKnownFileType = sourcecode.swift; path = RequestConfirmationView.swift; sourceTree = "<group>"; };
		B616FB8A2B06C61E00B31F97 /* MakeRequestInstruction.swift */ = {isa = PBXFileReference; lastKnownFileType = sourcecode.swift; path = MakeRequestInstruction.swift; sourceTree = "<group>"; };
		B616FB8C2B06C63900B31F97 /* MakeCapsuleTag.swift */ = {isa = PBXFileReference; lastKnownFileType = sourcecode.swift; path = MakeCapsuleTag.swift; sourceTree = "<group>"; };
		B62D25AD2B07E3F7005E8165 /* ItemStateModel.swift */ = {isa = PBXFileReference; lastKnownFileType = sourcecode.swift; path = ItemStateModel.swift; sourceTree = "<group>"; };
		B62D25AF2B07FB39005E8165 /* TestUser.swift */ = {isa = PBXFileReference; lastKnownFileType = sourcecode.swift; path = TestUser.swift; sourceTree = "<group>"; };
		B66223452AF82EDD008AA337 /* Empretzel_ADA.app */ = {isa = PBXFileReference; explicitFileType = wrapper.application; includeInIndex = 0; path = Empretzel_ADA.app; sourceTree = BUILT_PRODUCTS_DIR; };
		B66223482AF82EDD008AA337 /* Empretzel_ADAApp.swift */ = {isa = PBXFileReference; lastKnownFileType = sourcecode.swift; path = Empretzel_ADAApp.swift; sourceTree = "<group>"; };
		B662234F2AF82EE0008AA337 /* Preview Assets.xcassets */ = {isa = PBXFileReference; lastKnownFileType = folder.assetcatalog; path = "Preview Assets.xcassets"; sourceTree = "<group>"; };
		B66223562AF82EF4008AA337 /* UserModel.swift */ = {isa = PBXFileReference; lastKnownFileType = sourcecode.swift; path = UserModel.swift; sourceTree = "<group>"; };
		B66223582AF82EFF008AA337 /* ItemModel.swift */ = {isa = PBXFileReference; lastKnownFileType = sourcecode.swift; path = ItemModel.swift; sourceTree = "<group>"; };
		B662235A2AF82F12008AA337 /* HomeView.swift */ = {isa = PBXFileReference; lastKnownFileType = sourcecode.swift; path = HomeView.swift; sourceTree = "<group>"; };
		B68DCEAF2AFD890000660B0F /* ItemView.swift */ = {isa = PBXFileReference; lastKnownFileType = sourcecode.swift; path = ItemView.swift; sourceTree = "<group>"; };
		B6A131782AF9542000F5B66E /* CategoryModel.swift */ = {isa = PBXFileReference; lastKnownFileType = sourcecode.swift; path = CategoryModel.swift; sourceTree = "<group>"; };
		B6CE84B02B0284CC0061DB3F /* FeedView.swift */ = {isa = PBXFileReference; lastKnownFileType = sourcecode.swift; path = FeedView.swift; sourceTree = "<group>"; };
		B6CE84B22B02B6AF0061DB3F /* CategoryFilterView.swift */ = {isa = PBXFileReference; lastKnownFileType = sourcecode.swift; path = CategoryFilterView.swift; sourceTree = "<group>"; };
		B6CE84B62B02B8FC0061DB3F /* MainView.swift */ = {isa = PBXFileReference; lastKnownFileType = sourcecode.swift; path = MainView.swift; sourceTree = "<group>"; };
		B6CE84B82B02B9C00061DB3F /* MyItemsView.swift */ = {isa = PBXFileReference; lastKnownFileType = sourcecode.swift; path = MyItemsView.swift; sourceTree = "<group>"; };
		B6CE84BA2B02B9D30061DB3F /* ProfileView.swift */ = {isa = PBXFileReference; lastKnownFileType = sourcecode.swift; path = ProfileView.swift; sourceTree = "<group>"; };
/* End PBXFileReference section */

/* Begin PBXFrameworksBuildPhase section */
		B66223422AF82EDD008AA337 /* Frameworks */ = {
			isa = PBXFrameworksBuildPhase;
			buildActionMask = 2147483647;
			files = (
			);
			runOnlyForDeploymentPostprocessing = 0;
		};
/* End PBXFrameworksBuildPhase section */

/* Begin PBXGroup section */
		B616FB7B2B068FF100B31F97 /* Utilities */ = {
			isa = PBXGroup;
			children = (
				B616FB852B06C58F00B31F97 /* MakeButtonLink.swift */,
				B616FB8A2B06C61E00B31F97 /* MakeRequestInstruction.swift */,
				B616FB8C2B06C63900B31F97 /* MakeCapsuleTag.swift */,
			);
			path = Utilities;
			sourceTree = "<group>";
		};
		B616FB7C2B06C49B00B31F97 /* Upload Item */ = {
			isa = PBXGroup;
			children = (
				B616FB832B06C4F800B31F97 /* 04. ConfirmationUploadView.swift */,
				B616FB812B06C4F000B31F97 /* 03. PictureUploadView.swift */,
				B616FB7D2B06C4C500B31F97 /* 01. CategoryUploadView.swift */,
				B616FB7F2B06C4E400B31F97 /* 02. NameUploadView.swift */,
			);
			path = "Upload Item";
			sourceTree = "<group>";
		};
		B616FB872B06C5DE00B31F97 /* ItemView */ = {
			isa = PBXGroup;
			children = (
				B68DCEAF2AFD890000660B0F /* ItemView.swift */,
				B616FB882B06C5FA00B31F97 /* RequestConfirmationView.swift */,
			);
			path = ItemView;
			sourceTree = "<group>";
		};
		B616FB8E2B06C66E00B31F97 /* Feed */ = {
			isa = PBXGroup;
			children = (
				B6CE84B22B02B6AF0061DB3F /* CategoryFilterView.swift */,
				B662235A2AF82F12008AA337 /* HomeView.swift */,
				B616FB762B05325D00B31F97 /* CardView.swift */,
				B6CE84B02B0284CC0061DB3F /* FeedView.swift */,
			);
			path = Feed;
			sourceTree = "<group>";
		};
		B616FB8F2B06C70B00B31F97 /* Profile */ = {
			isa = PBXGroup;
			children = (
				B6CE84BA2B02B9D30061DB3F /* ProfileView.swift */,
			);
			path = Profile;
			sourceTree = "<group>";
		};
		B616FB902B06C71600B31F97 /* MyItems */ = {
			isa = PBXGroup;
			children = (
				B6CE84B82B02B9C00061DB3F /* MyItemsView.swift */,
			);
			path = MyItems;
			sourceTree = "<group>";
		};
		B662233C2AF82EDD008AA337 = {
			isa = PBXGroup;
			children = (
				B66223472AF82EDD008AA337 /* Empretzel_ADA */,
				B66223462AF82EDD008AA337 /* Products */,
			);
			sourceTree = "<group>";
		};
		B66223462AF82EDD008AA337 /* Products */ = {
			isa = PBXGroup;
			children = (
				B66223452AF82EDD008AA337 /* Empretzel_ADA.app */,
			);
			name = Products;
			sourceTree = "<group>";
		};
		B66223472AF82EDD008AA337 /* Empretzel_ADA */ = {
			isa = PBXGroup;
			children = (
				B616FB7B2B068FF100B31F97 /* Utilities */,
				B6CE84B52B02B8A40061DB3F /* Model */,
				B6CE84B42B02B8960061DB3F /* Views */,
				B66223482AF82EDD008AA337 /* Empretzel_ADAApp.swift */,
				B616FB742B03F2CB00B31F97 /* Assets.xcassets */,
				B662234E2AF82EE0008AA337 /* Preview Content */,
			);
			path = Empretzel_ADA;
			sourceTree = "<group>";
		};
		B662234E2AF82EE0008AA337 /* Preview Content */ = {
			isa = PBXGroup;
			children = (
				B662234F2AF82EE0008AA337 /* Preview Assets.xcassets */,
			);
			path = "Preview Content";
			sourceTree = "<group>";
		};
		B6CE84B42B02B8960061DB3F /* Views */ = {
			isa = PBXGroup;
			children = (
				B616FB902B06C71600B31F97 /* MyItems */,
				B616FB8F2B06C70B00B31F97 /* Profile */,
				B616FB8E2B06C66E00B31F97 /* Feed */,
				B616FB872B06C5DE00B31F97 /* ItemView */,
				B616FB7C2B06C49B00B31F97 /* Upload Item */,
				B6CE84B62B02B8FC0061DB3F /* MainView.swift */,
			);
			path = Views;
			sourceTree = "<group>";
		};
		B6CE84B52B02B8A40061DB3F /* Model */ = {
			isa = PBXGroup;
			children = (
				B66223562AF82EF4008AA337 /* UserModel.swift */,
				B66223582AF82EFF008AA337 /* ItemModel.swift */,
				B6A131782AF9542000F5B66E /* CategoryModel.swift */,
				B62D25AD2B07E3F7005E8165 /* ItemStateModel.swift */,
				B62D25AF2B07FB39005E8165 /* TestUser.swift */,
			);
			path = Model;
			sourceTree = "<group>";
		};
/* End PBXGroup section */

/* Begin PBXNativeTarget section */
		B66223442AF82EDD008AA337 /* Empretzel_ADA */ = {
			isa = PBXNativeTarget;
			buildConfigurationList = B66223532AF82EE0008AA337 /* Build configuration list for PBXNativeTarget "Empretzel_ADA" */;
			buildPhases = (
				B66223412AF82EDD008AA337 /* Sources */,
				B66223422AF82EDD008AA337 /* Frameworks */,
				B66223432AF82EDD008AA337 /* Resources */,
			);
			buildRules = (
			);
			dependencies = (
			);
			name = Empretzel_ADA;
			productName = Empretzel_ADA;
			productReference = B66223452AF82EDD008AA337 /* Empretzel_ADA.app */;
			productType = "com.apple.product-type.application";
		};
/* End PBXNativeTarget section */

/* Begin PBXProject section */
		B662233D2AF82EDD008AA337 /* Project object */ = {
			isa = PBXProject;
			attributes = {
				BuildIndependentTargetsInParallel = 1;
				LastSwiftUpdateCheck = 1500;
				LastUpgradeCheck = 1500;
				TargetAttributes = {
					B66223442AF82EDD008AA337 = {
						CreatedOnToolsVersion = 15.0;
					};
				};
			};
			buildConfigurationList = B66223402AF82EDD008AA337 /* Build configuration list for PBXProject "Empretzel_ADA" */;
			compatibilityVersion = "Xcode 14.0";
			developmentRegion = en;
			hasScannedForEncodings = 0;
			knownRegions = (
				en,
				Base,
			);
			mainGroup = B662233C2AF82EDD008AA337;
			productRefGroup = B66223462AF82EDD008AA337 /* Products */;
			projectDirPath = "";
			projectRoot = "";
			targets = (
				B66223442AF82EDD008AA337 /* Empretzel_ADA */,
			);
		};
/* End PBXProject section */

/* Begin PBXResourcesBuildPhase section */
		B66223432AF82EDD008AA337 /* Resources */ = {
			isa = PBXResourcesBuildPhase;
			buildActionMask = 2147483647;
			files = (
				B616FB752B03F2CB00B31F97 /* Assets.xcassets in Resources */,
				B66223502AF82EE0008AA337 /* Preview Assets.xcassets in Resources */,
			);
			runOnlyForDeploymentPostprocessing = 0;
		};
/* End PBXResourcesBuildPhase section */

/* Begin PBXSourcesBuildPhase section */
		B66223412AF82EDD008AA337 /* Sources */ = {
			isa = PBXSourcesBuildPhase;
			buildActionMask = 2147483647;
			files = (
				B616FB8B2B06C61E00B31F97 /* MakeRequestInstruction.swift in Sources */,
				B616FB7E2B06C4C500B31F97 /* 01. CategoryUploadView.swift in Sources */,
				B616FB892B06C5FA00B31F97 /* RequestConfirmationView.swift in Sources */,
				B6CE84B12B0284CC0061DB3F /* FeedView.swift in Sources */,
				B66223572AF82EF4008AA337 /* UserModel.swift in Sources */,
				B616FB822B06C4F000B31F97 /* 03. PictureUploadView.swift in Sources */,
				B6CE84B32B02B6AF0061DB3F /* CategoryFilterView.swift in Sources */,
				B6CE84B72B02B8FC0061DB3F /* MainView.swift in Sources */,
				B6CE84BB2B02B9D30061DB3F /* ProfileView.swift in Sources */,
				B6CE84B92B02B9C00061DB3F /* MyItemsView.swift in Sources */,
				B6A131792AF9542000F5B66E /* CategoryModel.swift in Sources */,
				B616FB862B06C58F00B31F97 /* MakeButtonLink.swift in Sources */,
				B616FB802B06C4E400B31F97 /* 02. NameUploadView.swift in Sources */,
				B616FB772B05325D00B31F97 /* CardView.swift in Sources */,
				B616FB842B06C4F800B31F97 /* 04. ConfirmationUploadView.swift in Sources */,
				B662235B2AF82F12008AA337 /* HomeView.swift in Sources */,
				B66223492AF82EDD008AA337 /* Empretzel_ADAApp.swift in Sources */,
				B62D25AE2B07E3F7005E8165 /* ItemStateModel.swift in Sources */,
				B68DCEB02AFD890000660B0F /* ItemView.swift in Sources */,
				B616FB8D2B06C63900B31F97 /* MakeCapsuleTag.swift in Sources */,
				B62D25B02B07FB39005E8165 /* TestUser.swift in Sources */,
				B66223592AF82F00008AA337 /* ItemModel.swift in Sources */,
			);
			runOnlyForDeploymentPostprocessing = 0;
		};
/* End PBXSourcesBuildPhase section */

/* Begin XCBuildConfiguration section */
		B66223512AF82EE0008AA337 /* Debug */ = {
			isa = XCBuildConfiguration;
			buildSettings = {
				ALWAYS_SEARCH_USER_PATHS = NO;
				ASSETCATALOG_COMPILER_GENERATE_SWIFT_ASSET_SYMBOL_EXTENSIONS = YES;
				CLANG_ANALYZER_NONNULL = YES;
				CLANG_ANALYZER_NUMBER_OBJECT_CONVERSION = YES_AGGRESSIVE;
				CLANG_CXX_LANGUAGE_STANDARD = "gnu++20";
				CLANG_ENABLE_MODULES = YES;
				CLANG_ENABLE_OBJC_ARC = YES;
				CLANG_ENABLE_OBJC_WEAK = YES;
				CLANG_WARN_BLOCK_CAPTURE_AUTORELEASING = YES;
				CLANG_WARN_BOOL_CONVERSION = YES;
				CLANG_WARN_COMMA = YES;
				CLANG_WARN_CONSTANT_CONVERSION = YES;
				CLANG_WARN_DEPRECATED_OBJC_IMPLEMENTATIONS = YES;
				CLANG_WARN_DIRECT_OBJC_ISA_USAGE = YES_ERROR;
				CLANG_WARN_DOCUMENTATION_COMMENTS = YES;
				CLANG_WARN_EMPTY_BODY = YES;
				CLANG_WARN_ENUM_CONVERSION = YES;
				CLANG_WARN_INFINITE_RECURSION = YES;
				CLANG_WARN_INT_CONVERSION = YES;
				CLANG_WARN_NON_LITERAL_NULL_CONVERSION = YES;
				CLANG_WARN_OBJC_IMPLICIT_RETAIN_SELF = YES;
				CLANG_WARN_OBJC_LITERAL_CONVERSION = YES;
				CLANG_WARN_OBJC_ROOT_CLASS = YES_ERROR;
				CLANG_WARN_QUOTED_INCLUDE_IN_FRAMEWORK_HEADER = YES;
				CLANG_WARN_RANGE_LOOP_ANALYSIS = YES;
				CLANG_WARN_STRICT_PROTOTYPES = YES;
				CLANG_WARN_SUSPICIOUS_MOVE = YES;
				CLANG_WARN_UNGUARDED_AVAILABILITY = YES_AGGRESSIVE;
				CLANG_WARN_UNREACHABLE_CODE = YES;
				CLANG_WARN__DUPLICATE_METHOD_MATCH = YES;
				COPY_PHASE_STRIP = NO;
				DEBUG_INFORMATION_FORMAT = dwarf;
				ENABLE_STRICT_OBJC_MSGSEND = YES;
				ENABLE_TESTABILITY = YES;
				ENABLE_USER_SCRIPT_SANDBOXING = YES;
				GCC_C_LANGUAGE_STANDARD = gnu17;
				GCC_DYNAMIC_NO_PIC = NO;
				GCC_NO_COMMON_BLOCKS = YES;
				GCC_OPTIMIZATION_LEVEL = 0;
				GCC_PREPROCESSOR_DEFINITIONS = (
					"DEBUG=1",
					"$(inherited)",
				);
				GCC_WARN_64_TO_32_BIT_CONVERSION = YES;
				GCC_WARN_ABOUT_RETURN_TYPE = YES_ERROR;
				GCC_WARN_UNDECLARED_SELECTOR = YES;
				GCC_WARN_UNINITIALIZED_AUTOS = YES_AGGRESSIVE;
				GCC_WARN_UNUSED_FUNCTION = YES;
				GCC_WARN_UNUSED_VARIABLE = YES;
				IPHONEOS_DEPLOYMENT_TARGET = 17.0;
				LOCALIZATION_PREFERS_STRING_CATALOGS = YES;
				MTL_ENABLE_DEBUG_INFO = INCLUDE_SOURCE;
				MTL_FAST_MATH = YES;
				ONLY_ACTIVE_ARCH = YES;
				SDKROOT = iphoneos;
				SWIFT_ACTIVE_COMPILATION_CONDITIONS = "DEBUG $(inherited)";
				SWIFT_OPTIMIZATION_LEVEL = "-Onone";
			};
			name = Debug;
		};
		B66223522AF82EE0008AA337 /* Release */ = {
			isa = XCBuildConfiguration;
			buildSettings = {
				ALWAYS_SEARCH_USER_PATHS = NO;
				ASSETCATALOG_COMPILER_GENERATE_SWIFT_ASSET_SYMBOL_EXTENSIONS = YES;
				CLANG_ANALYZER_NONNULL = YES;
				CLANG_ANALYZER_NUMBER_OBJECT_CONVERSION = YES_AGGRESSIVE;
				CLANG_CXX_LANGUAGE_STANDARD = "gnu++20";
				CLANG_ENABLE_MODULES = YES;
				CLANG_ENABLE_OBJC_ARC = YES;
				CLANG_ENABLE_OBJC_WEAK = YES;
				CLANG_WARN_BLOCK_CAPTURE_AUTORELEASING = YES;
				CLANG_WARN_BOOL_CONVERSION = YES;
				CLANG_WARN_COMMA = YES;
				CLANG_WARN_CONSTANT_CONVERSION = YES;
				CLANG_WARN_DEPRECATED_OBJC_IMPLEMENTATIONS = YES;
				CLANG_WARN_DIRECT_OBJC_ISA_USAGE = YES_ERROR;
				CLANG_WARN_DOCUMENTATION_COMMENTS = YES;
				CLANG_WARN_EMPTY_BODY = YES;
				CLANG_WARN_ENUM_CONVERSION = YES;
				CLANG_WARN_INFINITE_RECURSION = YES;
				CLANG_WARN_INT_CONVERSION = YES;
				CLANG_WARN_NON_LITERAL_NULL_CONVERSION = YES;
				CLANG_WARN_OBJC_IMPLICIT_RETAIN_SELF = YES;
				CLANG_WARN_OBJC_LITERAL_CONVERSION = YES;
				CLANG_WARN_OBJC_ROOT_CLASS = YES_ERROR;
				CLANG_WARN_QUOTED_INCLUDE_IN_FRAMEWORK_HEADER = YES;
				CLANG_WARN_RANGE_LOOP_ANALYSIS = YES;
				CLANG_WARN_STRICT_PROTOTYPES = YES;
				CLANG_WARN_SUSPICIOUS_MOVE = YES;
				CLANG_WARN_UNGUARDED_AVAILABILITY = YES_AGGRESSIVE;
				CLANG_WARN_UNREACHABLE_CODE = YES;
				CLANG_WARN__DUPLICATE_METHOD_MATCH = YES;
				COPY_PHASE_STRIP = NO;
				DEBUG_INFORMATION_FORMAT = "dwarf-with-dsym";
				ENABLE_NS_ASSERTIONS = NO;
				ENABLE_STRICT_OBJC_MSGSEND = YES;
				ENABLE_USER_SCRIPT_SANDBOXING = YES;
				GCC_C_LANGUAGE_STANDARD = gnu17;
				GCC_NO_COMMON_BLOCKS = YES;
				GCC_WARN_64_TO_32_BIT_CONVERSION = YES;
				GCC_WARN_ABOUT_RETURN_TYPE = YES_ERROR;
				GCC_WARN_UNDECLARED_SELECTOR = YES;
				GCC_WARN_UNINITIALIZED_AUTOS = YES_AGGRESSIVE;
				GCC_WARN_UNUSED_FUNCTION = YES;
				GCC_WARN_UNUSED_VARIABLE = YES;
				IPHONEOS_DEPLOYMENT_TARGET = 17.0;
				LOCALIZATION_PREFERS_STRING_CATALOGS = YES;
				MTL_ENABLE_DEBUG_INFO = NO;
				MTL_FAST_MATH = YES;
				SDKROOT = iphoneos;
				SWIFT_COMPILATION_MODE = wholemodule;
				VALIDATE_PRODUCT = YES;
			};
			name = Release;
		};
		B66223542AF82EE0008AA337 /* Debug */ = {
			isa = XCBuildConfiguration;
			buildSettings = {
				ASSETCATALOG_COMPILER_APPICON_NAME = AppIcon;
				ASSETCATALOG_COMPILER_GLOBAL_ACCENT_COLOR_NAME = AccentColor;
				CODE_SIGN_STYLE = Automatic;
				CURRENT_PROJECT_VERSION = 1;
				DEVELOPMENT_ASSET_PATHS = "\"Empretzel_ADA/Preview Content\"";
				ENABLE_PREVIEWS = YES;
				GENERATE_INFOPLIST_FILE = YES;
				INFOPLIST_KEY_UIApplicationSceneManifest_Generation = YES;
				INFOPLIST_KEY_UIApplicationSupportsIndirectInputEvents = YES;
				INFOPLIST_KEY_UILaunchScreen_Generation = YES;
				INFOPLIST_KEY_UISupportedInterfaceOrientations_iPad = "UIInterfaceOrientationPortrait UIInterfaceOrientationPortraitUpsideDown UIInterfaceOrientationLandscapeLeft UIInterfaceOrientationLandscapeRight";
				INFOPLIST_KEY_UISupportedInterfaceOrientations_iPhone = "UIInterfaceOrientationPortrait UIInterfaceOrientationLandscapeLeft UIInterfaceOrientationLandscapeRight";
				LD_RUNPATH_SEARCH_PATHS = (
					"$(inherited)",
					"@executable_path/Frameworks",
				);
				MARKETING_VERSION = 1.0;
				PRODUCT_BUNDLE_IDENTIFIER = "RaissaParente.Empretzel-ADA";
				PRODUCT_NAME = "$(TARGET_NAME)";
				SWIFT_EMIT_LOC_STRINGS = YES;
				SWIFT_VERSION = 5.0;
				TARGETED_DEVICE_FAMILY = "1,2";
			};
			name = Debug;
		};
		B66223552AF82EE0008AA337 /* Release */ = {
			isa = XCBuildConfiguration;
			buildSettings = {
				ASSETCATALOG_COMPILER_APPICON_NAME = AppIcon;
				ASSETCATALOG_COMPILER_GLOBAL_ACCENT_COLOR_NAME = AccentColor;
				CODE_SIGN_STYLE = Automatic;
				CURRENT_PROJECT_VERSION = 1;
				DEVELOPMENT_ASSET_PATHS = "\"Empretzel_ADA/Preview Content\"";
				ENABLE_PREVIEWS = YES;
				GENERATE_INFOPLIST_FILE = YES;
				INFOPLIST_KEY_UIApplicationSceneManifest_Generation = YES;
				INFOPLIST_KEY_UIApplicationSupportsIndirectInputEvents = YES;
				INFOPLIST_KEY_UILaunchScreen_Generation = YES;
				INFOPLIST_KEY_UISupportedInterfaceOrientations_iPad = "UIInterfaceOrientationPortrait UIInterfaceOrientationPortraitUpsideDown UIInterfaceOrientationLandscapeLeft UIInterfaceOrientationLandscapeRight";
				INFOPLIST_KEY_UISupportedInterfaceOrientations_iPhone = "UIInterfaceOrientationPortrait UIInterfaceOrientationLandscapeLeft UIInterfaceOrientationLandscapeRight";
				LD_RUNPATH_SEARCH_PATHS = (
					"$(inherited)",
					"@executable_path/Frameworks",
				);
				MARKETING_VERSION = 1.0;
				PRODUCT_BUNDLE_IDENTIFIER = "RaissaParente.Empretzel-ADA";
				PRODUCT_NAME = "$(TARGET_NAME)";
				SWIFT_EMIT_LOC_STRINGS = YES;
				SWIFT_VERSION = 5.0;
				TARGETED_DEVICE_FAMILY = "1,2";
			};
			name = Release;
		};
/* End XCBuildConfiguration section */

/* Begin XCConfigurationList section */
		B66223402AF82EDD008AA337 /* Build configuration list for PBXProject "Empretzel_ADA" */ = {
			isa = XCConfigurationList;
			buildConfigurations = (
				B66223512AF82EE0008AA337 /* Debug */,
				B66223522AF82EE0008AA337 /* Release */,
			);
			defaultConfigurationIsVisible = 0;
			defaultConfigurationName = Release;
		};
		B66223532AF82EE0008AA337 /* Build configuration list for PBXNativeTarget "Empretzel_ADA" */ = {
			isa = XCConfigurationList;
			buildConfigurations = (
				B66223542AF82EE0008AA337 /* Debug */,
				B66223552AF82EE0008AA337 /* Release */,
			);
			defaultConfigurationIsVisible = 0;
			defaultConfigurationName = Release;
		};
/* End XCConfigurationList section */
	};
	rootObject = B662233D2AF82EDD008AA337 /* Project object */;
}
