// !$*UTF8*$!
{
	archiveVersion = 1;
	classes = {
	};
	objectVersion = 56;
	objects = {

/* Begin PBXBuildFile section */
		B66223492AF82EDD008AA337 /* Empretzel_ADAApp.swift in Sources */ = {isa = PBXBuildFile; fileRef = B66223482AF82EDD008AA337 /* Empretzel_ADAApp.swift */; };
		B66223502AF82EE0008AA337 /* Preview Assets.xcassets in Resources */ = {isa = PBXBuildFile; fileRef = B662234F2AF82EE0008AA337 /* Preview Assets.xcassets */; };
		B66223572AF82EF4008AA337 /* UserModel.swift in Sources */ = {isa = PBXBuildFile; fileRef = B66223562AF82EF4008AA337 /* UserModel.swift */; };
		B66223592AF82F00008AA337 /* ItemModel.swift in Sources */ = {isa = PBXBuildFile; fileRef = B66223582AF82EFF008AA337 /* ItemModel.swift */; };
		B662235B2AF82F12008AA337 /* HomeView.swift in Sources */ = {isa = PBXBuildFile; fileRef = B662235A2AF82F12008AA337 /* HomeView.swift */; };
		B662235D2AF82F1E008AA337 /* TEMPUploadItemView.swift in Sources */ = {isa = PBXBuildFile; fileRef = B662235C2AF82F1E008AA337 /* TEMPUploadItemView.swift */; };
		B662235F2AF83069008AA337 /* Assets.xcassets in Resources */ = {isa = PBXBuildFile; fileRef = B662235E2AF83069008AA337 /* Assets.xcassets */; };
		B68DCEB02AFD890000660B0F /* TEMPItemView.swift in Sources */ = {isa = PBXBuildFile; fileRef = B68DCEAF2AFD890000660B0F /* TEMPItemView.swift */; };
		B6A131792AF9542000F5B66E /* CategoryModel.swift in Sources */ = {isa = PBXBuildFile; fileRef = B6A131782AF9542000F5B66E /* CategoryModel.swift */; };
		B6CE84B12B0284CC0061DB3F /* FeedView.swift in Sources */ = {isa = PBXBuildFile; fileRef = B6CE84B02B0284CC0061DB3F /* FeedView.swift */; };
/* End PBXBuildFile section */

/* Begin PBXFileReference section */
		B66223452AF82EDD008AA337 /* Empretzel_ADA.app */ = {isa = PBXFileReference; explicitFileType = wrapper.application; includeInIndex = 0; path = Empretzel_ADA.app; sourceTree = BUILT_PRODUCTS_DIR; };
		B66223482AF82EDD008AA337 /* Empretzel_ADAApp.swift */ = {isa = PBXFileReference; lastKnownFileType = sourcecode.swift; path = Empretzel_ADAApp.swift; sourceTree = "<group>"; };
		B662234F2AF82EE0008AA337 /* Preview Assets.xcassets */ = {isa = PBXFileReference; lastKnownFileType = folder.assetcatalog; path = "Preview Assets.xcassets"; sourceTree = "<group>"; };
		B66223562AF82EF4008AA337 /* UserModel.swift */ = {isa = PBXFileReference; lastKnownFileType = sourcecode.swift; path = UserModel.swift; sourceTree = "<group>"; };
		B66223582AF82EFF008AA337 /* ItemModel.swift */ = {isa = PBXFileReference; lastKnownFileType = sourcecode.swift; path = ItemModel.swift; sourceTree = "<group>"; };
		B662235A2AF82F12008AA337 /* HomeView.swift */ = {isa = PBXFileReference; lastKnownFileType = sourcecode.swift; path = HomeView.swift; sourceTree = "<group>"; };
		B662235C2AF82F1E008AA337 /* TEMPUploadItemView.swift */ = {isa = PBXFileReference; lastKnownFileType = sourcecode.swift; path = TEMPUploadItemView.swift; sourceTree = "<group>"; };
		B662235E2AF83069008AA337 /* Assets.xcassets */ = {isa = PBXFileReference; lastKnownFileType = folder.assetcatalog; name = Assets.xcassets; path = ../../Empretzel/Empretzel/Assets.xcassets; sourceTree = "<group>"; };
		B68DCEAF2AFD890000660B0F /* TEMPItemView.swift */ = {isa = PBXFileReference; lastKnownFileType = sourcecode.swift; path = TEMPItemView.swift; sourceTree = "<group>"; };
		B6A131782AF9542000F5B66E /* CategoryModel.swift */ = {isa = PBXFileReference; lastKnownFileType = sourcecode.swift; path = CategoryModel.swift; sourceTree = "<group>"; };
		B6CE84B02B0284CC0061DB3F /* FeedView.swift */ = {isa = PBXFileReference; lastKnownFileType = sourcecode.swift; path = FeedView.swift; sourceTree = "<group>"; };
/* End PBXFileReference section */

/* Begin PBXFrameworksBuildPhase section */
		B66223422AF82EDD008AA337 /* Frameworks */ = {
			isa = PBXFrameworksBuildPhase;
			buildActionMask = 2147483647;
			files = (
			);
			runOnlyForDeploymentPostprocessing = 0;
		};
/* End PBXFrameworksBuildPhase section */

/* Begin PBXGroup section */
		B662233C2AF82EDD008AA337 = {
			isa = PBXGroup;
			children = (
				B66223472AF82EDD008AA337 /* Empretzel_ADA */,
				B66223462AF82EDD008AA337 /* Products */,
			);
			sourceTree = "<group>";
		};
		B66223462AF82EDD008AA337 /* Products */ = {
			isa = PBXGroup;
			children = (
				B66223452AF82EDD008AA337 /* Empretzel_ADA.app */,
			);
			name = Products;
			sourceTree = "<group>";
		};
		B66223472AF82EDD008AA337 /* Empretzel_ADA */ = {
			isa = PBXGroup;
			children = (
				B66223482AF82EDD008AA337 /* Empretzel_ADAApp.swift */,
				B66223562AF82EF4008AA337 /* UserModel.swift */,
				B66223582AF82EFF008AA337 /* ItemModel.swift */,
				B6A131782AF9542000F5B66E /* CategoryModel.swift */,
				B662235A2AF82F12008AA337 /* HomeView.swift */,
				B6CE84B02B0284CC0061DB3F /* FeedView.swift */,
				B68DCEAF2AFD890000660B0F /* TEMPItemView.swift */,
				B662235C2AF82F1E008AA337 /* TEMPUploadItemView.swift */,
				B662235E2AF83069008AA337 /* Assets.xcassets */,
				B662234E2AF82EE0008AA337 /* Preview Content */,
			);
			path = Empretzel_ADA;
			sourceTree = "<group>";
		};
		B662234E2AF82EE0008AA337 /* Preview Content */ = {
			isa = PBXGroup;
			children = (
				B662234F2AF82EE0008AA337 /* Preview Assets.xcassets */,
			);
			path = "Preview Content";
			sourceTree = "<group>";
		};
/* End PBXGroup section */

/* Begin PBXNativeTarget section */
		B66223442AF82EDD008AA337 /* Empretzel_ADA */ = {
			isa = PBXNativeTarget;
			buildConfigurationList = B66223532AF82EE0008AA337 /* Build configuration list for PBXNativeTarget "Empretzel_ADA" */;
			buildPhases = (
				B66223412AF82EDD008AA337 /* Sources */,
				B66223422AF82EDD008AA337 /* Frameworks */,
				B66223432AF82EDD008AA337 /* Resources */,
			);
			buildRules = (
			);
			dependencies = (
			);
			name = Empretzel_ADA;
			productName = Empretzel_ADA;
			productReference = B66223452AF82EDD008AA337 /* Empretzel_ADA.app */;
			productType = "com.apple.product-type.application";
		};
/* End PBXNativeTarget section */

/* Begin PBXProject section */
		B662233D2AF82EDD008AA337 /* Project object */ = {
			isa = PBXProject;
			attributes = {
				BuildIndependentTargetsInParallel = 1;
				LastSwiftUpdateCheck = 1500;
				LastUpgradeCheck = 1500;
				TargetAttributes = {
					B66223442AF82EDD008AA337 = {
						CreatedOnToolsVersion = 15.0;
					};
				};
			};
			buildConfigurationList = B66223402AF82EDD008AA337 /* Build configuration list for PBXProject "Empretzel_ADA" */;
			compatibilityVersion = "Xcode 14.0";
			developmentRegion = en;
			hasScannedForEncodings = 0;
			knownRegions = (
				en,
				Base,
			);
			mainGroup = B662233C2AF82EDD008AA337;
			productRefGroup = B66223462AF82EDD008AA337 /* Products */;
			projectDirPath = "";
			projectRoot = "";
			targets = (
				B66223442AF82EDD008AA337 /* Empretzel_ADA */,
			);
		};
/* End PBXProject section */

/* Begin PBXResourcesBuildPhase section */
		B66223432AF82EDD008AA337 /* Resources */ = {
			isa = PBXResourcesBuildPhase;
			buildActionMask = 2147483647;
			files = (
				B66223502AF82EE0008AA337 /* Preview Assets.xcassets in Resources */,
				B662235F2AF83069008AA337 /* Assets.xcassets in Resources */,
			);
			runOnlyForDeploymentPostprocessing = 0;
		};
/* End PBXResourcesBuildPhase section */

/* Begin PBXSourcesBuildPhase section */
		B66223412AF82EDD008AA337 /* Sources */ = {
			isa = PBXSourcesBuildPhase;
			buildActionMask = 2147483647;
			files = (
				B6CE84B12B0284CC0061DB3F /* FeedView.swift in Sources */,
				B66223572AF82EF4008AA337 /* UserModel.swift in Sources */,
				B6A131792AF9542000F5B66E /* CategoryModel.swift in Sources */,
				B662235B2AF82F12008AA337 /* HomeView.swift in Sources */,
				B66223492AF82EDD008AA337 /* Empretzel_ADAApp.swift in Sources */,
				B68DCEB02AFD890000660B0F /* TEMPItemView.swift in Sources */,
				B662235D2AF82F1E008AA337 /* TEMPUploadItemView.swift in Sources */,
				B66223592AF82F00008AA337 /* ItemModel.swift in Sources */,
			);
			runOnlyForDeploymentPostprocessing = 0;
		};
/* End PBXSourcesBuildPhase section */

/* Begin XCBuildConfiguration section */
		B66223512AF82EE0008AA337 /* Debug */ = {
			isa = XCBuildConfiguration;
			buildSettings = {
				ALWAYS_SEARCH_USER_PATHS = NO;
				ASSETCATALOG_COMPILER_GENERATE_SWIFT_ASSET_SYMBOL_EXTENSIONS = YES;
				CLANG_ANALYZER_NONNULL = YES;
				CLANG_ANALYZER_NUMBER_OBJECT_CONVERSION = YES_AGGRESSIVE;
				CLANG_CXX_LANGUAGE_STANDARD = "gnu++20";
				CLANG_ENABLE_MODULES = YES;
				CLANG_ENABLE_OBJC_ARC = YES;
				CLANG_ENABLE_OBJC_WEAK = YES;
				CLANG_WARN_BLOCK_CAPTURE_AUTORELEASING = YES;
				CLANG_WARN_BOOL_CONVERSION = YES;
				CLANG_WARN_COMMA = YES;
				CLANG_WARN_CONSTANT_CONVERSION = YES;
				CLANG_WARN_DEPRECATED_OBJC_IMPLEMENTATIONS = YES;
				CLANG_WARN_DIRECT_OBJC_ISA_USAGE = YES_ERROR;
				CLANG_WARN_DOCUMENTATION_COMMENTS = YES;
				CLANG_WARN_EMPTY_BODY = YES;
				CLANG_WARN_ENUM_CONVERSION = YES;
				CLANG_WARN_INFINITE_RECURSION = YES;
				CLANG_WARN_INT_CONVERSION = YES;
				CLANG_WARN_NON_LITERAL_NULL_CONVERSION = YES;
				CLANG_WARN_OBJC_IMPLICIT_RETAIN_SELF = YES;
				CLANG_WARN_OBJC_LITERAL_CONVERSION = YES;
				CLANG_WARN_OBJC_ROOT_CLASS = YES_ERROR;
				CLANG_WARN_QUOTED_INCLUDE_IN_FRAMEWORK_HEADER = YES;
				CLANG_WARN_RANGE_LOOP_ANALYSIS = YES;
				CLANG_WARN_STRICT_PROTOTYPES = YES;
				CLANG_WARN_SUSPICIOUS_MOVE = YES;
				CLANG_WARN_UNGUARDED_AVAILABILITY = YES_AGGRESSIVE;
				CLANG_WARN_UNREACHABLE_CODE = YES;
				CLANG_WARN__DUPLICATE_METHOD_MATCH = YES;
				COPY_PHASE_STRIP = NO;
				DEBUG_INFORMATION_FORMAT = dwarf;
				ENABLE_STRICT_OBJC_MSGSEND = YES;
				ENABLE_TESTABILITY = YES;
				ENABLE_USER_SCRIPT_SANDBOXING = YES;
				GCC_C_LANGUAGE_STANDARD = gnu17;
				GCC_DYNAMIC_NO_PIC = NO;
				GCC_NO_COMMON_BLOCKS = YES;
				GCC_OPTIMIZATION_LEVEL = 0;
				GCC_PREPROCESSOR_DEFINITIONS = (
					"DEBUG=1",
					"$(inherited)",
				);
				GCC_WARN_64_TO_32_BIT_CONVERSION = YES;
				GCC_WARN_ABOUT_RETURN_TYPE = YES_ERROR;
				GCC_WARN_UNDECLARED_SELECTOR = YES;
				GCC_WARN_UNINITIALIZED_AUTOS = YES_AGGRESSIVE;
				GCC_WARN_UNUSED_FUNCTION = YES;
				GCC_WARN_UNUSED_VARIABLE = YES;
				IPHONEOS_DEPLOYMENT_TARGET = 17.0;
				LOCALIZATION_PREFERS_STRING_CATALOGS = YES;
				MTL_ENABLE_DEBUG_INFO = INCLUDE_SOURCE;
				MTL_FAST_MATH = YES;
				ONLY_ACTIVE_ARCH = YES;
				SDKROOT = iphoneos;
				SWIFT_ACTIVE_COMPILATION_CONDITIONS = "DEBUG $(inherited)";
				SWIFT_OPTIMIZATION_LEVEL = "-Onone";
			};
			name = Debug;
		};
		B66223522AF82EE0008AA337 /* Release */ = {
			isa = XCBuildConfiguration;
			buildSettings = {
				ALWAYS_SEARCH_USER_PATHS = NO;
				ASSETCATALOG_COMPILER_GENERATE_SWIFT_ASSET_SYMBOL_EXTENSIONS = YES;
				CLANG_ANALYZER_NONNULL = YES;
				CLANG_ANALYZER_NUMBER_OBJECT_CONVERSION = YES_AGGRESSIVE;
				CLANG_CXX_LANGUAGE_STANDARD = "gnu++20";
				CLANG_ENABLE_MODULES = YES;
				CLANG_ENABLE_OBJC_ARC = YES;
				CLANG_ENABLE_OBJC_WEAK = YES;
				CLANG_WARN_BLOCK_CAPTURE_AUTORELEASING = YES;
				CLANG_WARN_BOOL_CONVERSION = YES;
				CLANG_WARN_COMMA = YES;
				CLANG_WARN_CONSTANT_CONVERSION = YES;
				CLANG_WARN_DEPRECATED_OBJC_IMPLEMENTATIONS = YES;
				CLANG_WARN_DIRECT_OBJC_ISA_USAGE = YES_ERROR;
				CLANG_WARN_DOCUMENTATION_COMMENTS = YES;
				CLANG_WARN_EMPTY_BODY = YES;
				CLANG_WARN_ENUM_CONVERSION = YES;
				CLANG_WARN_INFINITE_RECURSION = YES;
				CLANG_WARN_INT_CONVERSION = YES;
				CLANG_WARN_NON_LITERAL_NULL_CONVERSION = YES;
				CLANG_WARN_OBJC_IMPLICIT_RETAIN_SELF = YES;
				CLANG_WARN_OBJC_LITERAL_CONVERSION = YES;
				CLANG_WARN_OBJC_ROOT_CLASS = YES_ERROR;
				CLANG_WARN_QUOTED_INCLUDE_IN_FRAMEWORK_HEADER = YES;
				CLANG_WARN_RANGE_LOOP_ANALYSIS = YES;
				CLANG_WARN_STRICT_PROTOTYPES = YES;
				CLANG_WARN_SUSPICIOUS_MOVE = YES;
				CLANG_WARN_UNGUARDED_AVAILABILITY = YES_AGGRESSIVE;
				CLANG_WARN_UNREACHABLE_CODE = YES;
				CLANG_WARN__DUPLICATE_METHOD_MATCH = YES;
				COPY_PHASE_STRIP = NO;
				DEBUG_INFORMATION_FORMAT = "dwarf-with-dsym";
				ENABLE_NS_ASSERTIONS = NO;
				ENABLE_STRICT_OBJC_MSGSEND = YES;
				ENABLE_USER_SCRIPT_SANDBOXING = YES;
				GCC_C_LANGUAGE_STANDARD = gnu17;
				GCC_NO_COMMON_BLOCKS = YES;
				GCC_WARN_64_TO_32_BIT_CONVERSION = YES;
				GCC_WARN_ABOUT_RETURN_TYPE = YES_ERROR;
				GCC_WARN_UNDECLARED_SELECTOR = YES;
				GCC_WARN_UNINITIALIZED_AUTOS = YES_AGGRESSIVE;
				GCC_WARN_UNUSED_FUNCTION = YES;
				GCC_WARN_UNUSED_VARIABLE = YES;
				IPHONEOS_DEPLOYMENT_TARGET = 17.0;
				LOCALIZATION_PREFERS_STRING_CATALOGS = YES;
				MTL_ENABLE_DEBUG_INFO = NO;
				MTL_FAST_MATH = YES;
				SDKROOT = iphoneos;
				SWIFT_COMPILATION_MODE = wholemodule;
				VALIDATE_PRODUCT = YES;
			};
			name = Release;
		};
		B66223542AF82EE0008AA337 /* Debug */ = {
			isa = XCBuildConfiguration;
			buildSettings = {
				ASSETCATALOG_COMPILER_APPICON_NAME = AppIcon;
				ASSETCATALOG_COMPILER_GLOBAL_ACCENT_COLOR_NAME = AccentColor;
				CODE_SIGN_STYLE = Automatic;
				CURRENT_PROJECT_VERSION = 1;
				DEVELOPMENT_ASSET_PATHS = "\"Empretzel_ADA/Preview Content\"";
				ENABLE_PREVIEWS = YES;
				GENERATE_INFOPLIST_FILE = YES;
				INFOPLIST_KEY_UIApplicationSceneManifest_Generation = YES;
				INFOPLIST_KEY_UIApplicationSupportsIndirectInputEvents = YES;
				INFOPLIST_KEY_UILaunchScreen_Generation = YES;
				INFOPLIST_KEY_UISupportedInterfaceOrientations_iPad = "UIInterfaceOrientationPortrait UIInterfaceOrientationPortraitUpsideDown UIInterfaceOrientationLandscapeLeft UIInterfaceOrientationLandscapeRight";
				INFOPLIST_KEY_UISupportedInterfaceOrientations_iPhone = "UIInterfaceOrientationPortrait UIInterfaceOrientationLandscapeLeft UIInterfaceOrientationLandscapeRight";
				LD_RUNPATH_SEARCH_PATHS = (
					"$(inherited)",
					"@executable_path/Frameworks",
				);
				MARKETING_VERSION = 1.0;
				PRODUCT_BUNDLE_IDENTIFIER = "RaissaParente.Empretzel-ADA";
				PRODUCT_NAME = "$(TARGET_NAME)";
				SWIFT_EMIT_LOC_STRINGS = YES;
				SWIFT_VERSION = 5.0;
				TARGETED_DEVICE_FAMILY = "1,2";
			};
			name = Debug;
		};
		B66223552AF82EE0008AA337 /* Release */ = {
			isa = XCBuildConfiguration;
			buildSettings = {
				ASSETCATALOG_COMPILER_APPICON_NAME = AppIcon;
				ASSETCATALOG_COMPILER_GLOBAL_ACCENT_COLOR_NAME = AccentColor;
				CODE_SIGN_STYLE = Automatic;
				CURRENT_PROJECT_VERSION = 1;
				DEVELOPMENT_ASSET_PATHS = "\"Empretzel_ADA/Preview Content\"";
				ENABLE_PREVIEWS = YES;
				GENERATE_INFOPLIST_FILE = YES;
				INFOPLIST_KEY_UIApplicationSceneManifest_Generation = YES;
				INFOPLIST_KEY_UIApplicationSupportsIndirectInputEvents = YES;
				INFOPLIST_KEY_UILaunchScreen_Generation = YES;
				INFOPLIST_KEY_UISupportedInterfaceOrientations_iPad = "UIInterfaceOrientationPortrait UIInterfaceOrientationPortraitUpsideDown UIInterfaceOrientationLandscapeLeft UIInterfaceOrientationLandscapeRight";
				INFOPLIST_KEY_UISupportedInterfaceOrientations_iPhone = "UIInterfaceOrientationPortrait UIInterfaceOrientationLandscapeLeft UIInterfaceOrientationLandscapeRight";
				LD_RUNPATH_SEARCH_PATHS = (
					"$(inherited)",
					"@executable_path/Frameworks",
				);
				MARKETING_VERSION = 1.0;
				PRODUCT_BUNDLE_IDENTIFIER = "RaissaParente.Empretzel-ADA";
				PRODUCT_NAME = "$(TARGET_NAME)";
				SWIFT_EMIT_LOC_STRINGS = YES;
				SWIFT_VERSION = 5.0;
				TARGETED_DEVICE_FAMILY = "1,2";
			};
			name = Release;
		};
/* End XCBuildConfiguration section */

/* Begin XCConfigurationList section */
		B66223402AF82EDD008AA337 /* Build configuration list for PBXProject "Empretzel_ADA" */ = {
			isa = XCConfigurationList;
			buildConfigurations = (
				B66223512AF82EE0008AA337 /* Debug */,
				B66223522AF82EE0008AA337 /* Release */,
			);
			defaultConfigurationIsVisible = 0;
			defaultConfigurationName = Release;
		};
		B66223532AF82EE0008AA337 /* Build configuration list for PBXNativeTarget "Empretzel_ADA" */ = {
			isa = XCConfigurationList;
			buildConfigurations = (
				B66223542AF82EE0008AA337 /* Debug */,
				B66223552AF82EE0008AA337 /* Release */,
			);
			defaultConfigurationIsVisible = 0;
			defaultConfigurationName = Release;
		};
/* End XCConfigurationList section */
	};
	rootObject = B662233D2AF82EDD008AA337 /* Project object */;
}
